// !$*UTF8*$!
{
	archiveVersion = 1;
	classes = {
	};
	objectVersion = 56;
	objects = {

/* Begin PBXBuildFile section */
		87CDFEC62C7CAD9D007360CF /* SpeedLogApp.swift in Sources */ = {isa = PBXBuildFile; fileRef = 87CDFEC52C7CAD9D007360CF /* SpeedLogApp.swift */; };
		87CDFEC82C7CAD9D007360CF /* SpeedLog.swift in Sources */ = {isa = PBXBuildFile; fileRef = 87CDFEC72C7CAD9D007360CF /* SpeedLog.swift */; };
		87CDFECA2C7CADA3007360CF /* Assets.xcassets in Resources */ = {isa = PBXBuildFile; fileRef = 87CDFEC92C7CADA3007360CF /* Assets.xcassets */; };
		87CDFECD2C7CADA3007360CF /* Preview Assets.xcassets in Resources */ = {isa = PBXBuildFile; fileRef = 87CDFECC2C7CADA3007360CF /* Preview Assets.xcassets */; };
/* End PBXBuildFile section */

/* Begin PBXContainerItemProxy section */
		87CDFED32C7CADA4007360CF /* PBXContainerItemProxy */ = {
			isa = PBXContainerItemProxy;
			containerPortal = 87CDFEBA2C7CAD9C007360CF /* Project object */;
			proxyType = 1;
			remoteGlobalIDString = 87CDFEC12C7CAD9D007360CF;
			remoteInfo = SpeedLog;
		};
		87CDFEDD2C7CADA4007360CF /* PBXContainerItemProxy */ = {
			isa = PBXContainerItemProxy;
			containerPortal = 87CDFEBA2C7CAD9C007360CF /* Project object */;
			proxyType = 1;
			remoteGlobalIDString = 87CDFEC12C7CAD9D007360CF;
			remoteInfo = SpeedLog;
		};
/* End PBXContainerItemProxy section */

/* Begin PBXFileReference section */
		87CDFEC22C7CAD9D007360CF /* SpeedLog.app */ = {isa = PBXFileReference; explicitFileType = wrapper.application; includeInIndex = 0; path = SpeedLog.app; sourceTree = BUILT_PRODUCTS_DIR; };
		87CDFEC52C7CAD9D007360CF /* SpeedLogApp.swift */ = {isa = PBXFileReference; lastKnownFileType = sourcecode.swift; path = SpeedLogApp.swift; sourceTree = "<group>"; };
		87CDFEC72C7CAD9D007360CF /* SpeedLog.swift */ = {isa = PBXFileReference; lastKnownFileType = sourcecode.swift; path = SpeedLog.swift; sourceTree = "<group>"; };
		87CDFEC92C7CADA3007360CF /* Assets.xcassets */ = {isa = PBXFileReference; lastKnownFileType = folder.assetcatalog; path = Assets.xcassets; sourceTree = "<group>"; };
		87CDFECC2C7CADA3007360CF /* Preview Assets.xcassets */ = {isa = PBXFileReference; lastKnownFileType = folder.assetcatalog; path = "Preview Assets.xcassets"; sourceTree = "<group>"; };
		87CDFED22C7CADA4007360CF /* SpeedLogTests.xctest */ = {isa = PBXFileReference; explicitFileType = wrapper.cfbundle; includeInIndex = 0; path = SpeedLogTests.xctest; sourceTree = BUILT_PRODUCTS_DIR; };
		87CDFEDC2C7CADA4007360CF /* SpeedLogUITests.xctest */ = {isa = PBXFileReference; explicitFileType = wrapper.cfbundle; includeInIndex = 0; path = SpeedLogUITests.xctest; sourceTree = BUILT_PRODUCTS_DIR; };
		87CDFEEF2C7E07D5007360CF /* Info.plist */ = {isa = PBXFileReference; lastKnownFileType = text.plist; path = Info.plist; sourceTree = "<group>"; };
/* End PBXFileReference section */

/* Begin PBXFrameworksBuildPhase section */
		87CDFEBF2C7CAD9D007360CF /* Frameworks */ = {
			isa = PBXFrameworksBuildPhase;
			buildActionMask = 2147483647;
			files = (
			);
			runOnlyForDeploymentPostprocessing = 0;
		};
		87CDFECF2C7CADA4007360CF /* Frameworks */ = {
			isa = PBXFrameworksBuildPhase;
			buildActionMask = 2147483647;
			files = (
			);
			runOnlyForDeploymentPostprocessing = 0;
		};
		87CDFED92C7CADA4007360CF /* Frameworks */ = {
			isa = PBXFrameworksBuildPhase;
			buildActionMask = 2147483647;
			files = (
			);
			runOnlyForDeploymentPostprocessing = 0;
		};
/* End PBXFrameworksBuildPhase section */

/* Begin PBXGroup section */
		87CDFEB92C7CAD9C007360CF = {
			isa = PBXGroup;
			children = (
				87CDFEC42C7CAD9D007360CF /* SpeedLog */,
				87CDFEC32C7CAD9D007360CF /* Products */,
			);
			sourceTree = "<group>";
		};
		87CDFEC32C7CAD9D007360CF /* Products */ = {
			isa = PBXGroup;
			children = (
				87CDFEC22C7CAD9D007360CF /* SpeedLog.app */,
				87CDFED22C7CADA4007360CF /* SpeedLogTests.xctest */,
				87CDFEDC2C7CADA4007360CF /* SpeedLogUITests.xctest */,
			);
			name = Products;
			sourceTree = "<group>";
		};
		87CDFEC42C7CAD9D007360CF /* SpeedLog */ = {
			isa = PBXGroup;
			children = (
				87CDFEEF2C7E07D5007360CF /* Info.plist */,
				87CDFEC52C7CAD9D007360CF /* SpeedLogApp.swift */,
				87CDFEC72C7CAD9D007360CF /* SpeedLog.swift */,
				87CDFEC92C7CADA3007360CF /* Assets.xcassets */,
				87CDFECB2C7CADA3007360CF /* Preview Content */,
			);
			path = SpeedLog;
			sourceTree = "<group>";
		};
		87CDFECB2C7CADA3007360CF /* Preview Content */ = {
			isa = PBXGroup;
			children = (
				87CDFECC2C7CADA3007360CF /* Preview Assets.xcassets */,
			);
			path = "Preview Content";
			sourceTree = "<group>";
		};
/* End PBXGroup section */

/* Begin PBXNativeTarget section */
		87CDFEC12C7CAD9D007360CF /* SpeedLog */ = {
			isa = PBXNativeTarget;
			buildConfigurationList = 87CDFEE62C7CADA4007360CF /* Build configuration list for PBXNativeTarget "SpeedLog" */;
			buildPhases = (
				87CDFEBE2C7CAD9D007360CF /* Sources */,
				87CDFEBF2C7CAD9D007360CF /* Frameworks */,
				87CDFEC02C7CAD9D007360CF /* Resources */,
			);
			buildRules = (
			);
			dependencies = (
			);
			name = SpeedLog;
			productName = SpeedLog;
			productReference = 87CDFEC22C7CAD9D007360CF /* SpeedLog.app */;
			productType = "com.apple.product-type.application";
		};
		87CDFED12C7CADA4007360CF /* SpeedLogTests */ = {
			isa = PBXNativeTarget;
			buildConfigurationList = 87CDFEE92C7CADA4007360CF /* Build configuration list for PBXNativeTarget "SpeedLogTests" */;
			buildPhases = (
				87CDFECE2C7CADA4007360CF /* Sources */,
				87CDFECF2C7CADA4007360CF /* Frameworks */,
				87CDFED02C7CADA4007360CF /* Resources */,
			);
			buildRules = (
			);
			dependencies = (
				87CDFED42C7CADA4007360CF /* PBXTargetDependency */,
			);
			name = SpeedLogTests;
			productName = SpeedLogTests;
			productReference = 87CDFED22C7CADA4007360CF /* SpeedLogTests.xctest */;
			productType = "com.apple.product-type.bundle.unit-test";
		};
		87CDFEDB2C7CADA4007360CF /* SpeedLogUITests */ = {
			isa = PBXNativeTarget;
			buildConfigurationList = 87CDFEEC2C7CADA4007360CF /* Build configuration list for PBXNativeTarget "SpeedLogUITests" */;
			buildPhases = (
				87CDFED82C7CADA4007360CF /* Sources */,
				87CDFED92C7CADA4007360CF /* Frameworks */,
				87CDFEDA2C7CADA4007360CF /* Resources */,
			);
			buildRules = (
			);
			dependencies = (
				87CDFEDE2C7CADA4007360CF /* PBXTargetDependency */,
			);
			name = SpeedLogUITests;
			productName = SpeedLogUITests;
			productReference = 87CDFEDC2C7CADA4007360CF /* SpeedLogUITests.xctest */;
			productType = "com.apple.product-type.bundle.ui-testing";
		};
/* End PBXNativeTarget section */

/* Begin PBXProject section */
		87CDFEBA2C7CAD9C007360CF /* Project object */ = {
			isa = PBXProject;
			attributes = {
				BuildIndependentTargetsInParallel = 1;
				LastSwiftUpdateCheck = 1540;
				LastUpgradeCheck = 1540;
				TargetAttributes = {
					87CDFEC12C7CAD9D007360CF = {
						CreatedOnToolsVersion = 15.4;
					};
					87CDFED12C7CADA4007360CF = {
						CreatedOnToolsVersion = 15.4;
						TestTargetID = 87CDFEC12C7CAD9D007360CF;
					};
					87CDFEDB2C7CADA4007360CF = {
						CreatedOnToolsVersion = 15.4;
						TestTargetID = 87CDFEC12C7CAD9D007360CF;
					};
				};
			};
			buildConfigurationList = 87CDFEBD2C7CAD9D007360CF /* Build configuration list for PBXProject "SpeedLog" */;
			compatibilityVersion = "Xcode 14.0";
			developmentRegion = en;
			hasScannedForEncodings = 0;
			knownRegions = (
				en,
				Base,
			);
			mainGroup = 87CDFEB92C7CAD9C007360CF;
			productRefGroup = 87CDFEC32C7CAD9D007360CF /* Products */;
			projectDirPath = "";
			projectRoot = "";
			targets = (
				87CDFEC12C7CAD9D007360CF /* SpeedLog */,
				87CDFED12C7CADA4007360CF /* SpeedLogTests */,
				87CDFEDB2C7CADA4007360CF /* SpeedLogUITests */,
			);
		};
/* End PBXProject section */

/* Begin PBXResourcesBuildPhase section */
		87CDFEC02C7CAD9D007360CF /* Resources */ = {
			isa = PBXResourcesBuildPhase;
			buildActionMask = 2147483647;
			files = (
				87CDFECD2C7CADA3007360CF /* Preview Assets.xcassets in Resources */,
				87CDFECA2C7CADA3007360CF /* Assets.xcassets in Resources */,
			);
			runOnlyForDeploymentPostprocessing = 0;
		};
		87CDFED02C7CADA4007360CF /* Resources */ = {
			isa = PBXResourcesBuildPhase;
			buildActionMask = 2147483647;
			files = (
			);
			runOnlyForDeploymentPostprocessing = 0;
		};
		87CDFEDA2C7CADA4007360CF /* Resources */ = {
			isa = PBXResourcesBuildPhase;
			buildActionMask = 2147483647;
			files = (
			);
			runOnlyForDeploymentPostprocessing = 0;
		};
/* End PBXResourcesBuildPhase section */

/* Begin PBXSourcesBuildPhase section */
		87CDFEBE2C7CAD9D007360CF /* Sources */ = {
			isa = PBXSourcesBuildPhase;
			buildActionMask = 2147483647;
			files = (
				87CDFEC82C7CAD9D007360CF /* SpeedLog.swift in Sources */,
				87CDFEC62C7CAD9D007360CF /* SpeedLogApp.swift in Sources */,
			);
			runOnlyForDeploymentPostprocessing = 0;
		};
		87CDFECE2C7CADA4007360CF /* Sources */ = {
			isa = PBXSourcesBuildPhase;
			buildActionMask = 2147483647;
			files = (
			);
			runOnlyForDeploymentPostprocessing = 0;
		};
		87CDFED82C7CADA4007360CF /* Sources */ = {
			isa = PBXSourcesBuildPhase;
			buildActionMask = 2147483647;
			files = (
			);
			runOnlyForDeploymentPostprocessing = 0;
		};
/* End PBXSourcesBuildPhase section */

/* Begin PBXTargetDependency section */
		87CDFED42C7CADA4007360CF /* PBXTargetDependency */ = {
			isa = PBXTargetDependency;
			target = 87CDFEC12C7CAD9D007360CF /* SpeedLog */;
			targetProxy = 87CDFED32C7CADA4007360CF /* PBXContainerItemProxy */;
		};
		87CDFEDE2C7CADA4007360CF /* PBXTargetDependency */ = {
			isa = PBXTargetDependency;
			target = 87CDFEC12C7CAD9D007360CF /* SpeedLog */;
			targetProxy = 87CDFEDD2C7CADA4007360CF /* PBXContainerItemProxy */;
		};
/* End PBXTargetDependency section */

/* Begin XCBuildConfiguration section */
		87CDFEE42C7CADA4007360CF /* Debug */ = {
			isa = XCBuildConfiguration;
			buildSettings = {
				ALWAYS_SEARCH_USER_PATHS = NO;
				ASSETCATALOG_COMPILER_GENERATE_SWIFT_ASSET_SYMBOL_EXTENSIONS = YES;
				CLANG_ANALYZER_NONNULL = YES;
				CLANG_ANALYZER_NUMBER_OBJECT_CONVERSION = YES_AGGRESSIVE;
				CLANG_CXX_LANGUAGE_STANDARD = "gnu++20";
				CLANG_ENABLE_MODULES = YES;
				CLANG_ENABLE_OBJC_ARC = YES;
				CLANG_ENABLE_OBJC_WEAK = YES;
				CLANG_WARN_BLOCK_CAPTURE_AUTORELEASING = YES;
				CLANG_WARN_BOOL_CONVERSION = YES;
				CLANG_WARN_COMMA = YES;
				CLANG_WARN_CONSTANT_CONVERSION = YES;
				CLANG_WARN_DEPRECATED_OBJC_IMPLEMENTATIONS = YES;
				CLANG_WARN_DIRECT_OBJC_ISA_USAGE = YES_ERROR;
				CLANG_WARN_DOCUMENTATION_COMMENTS = YES;
				CLANG_WARN_EMPTY_BODY = YES;
				CLANG_WARN_ENUM_CONVERSION = YES;
				CLANG_WARN_INFINITE_RECURSION = YES;
				CLANG_WARN_INT_CONVERSION = YES;
				CLANG_WARN_NON_LITERAL_NULL_CONVERSION = YES;
				CLANG_WARN_OBJC_IMPLICIT_RETAIN_SELF = YES;
				CLANG_WARN_OBJC_LITERAL_CONVERSION = YES;
				CLANG_WARN_OBJC_ROOT_CLASS = YES_ERROR;
				CLANG_WARN_QUOTED_INCLUDE_IN_FRAMEWORK_HEADER = YES;
				CLANG_WARN_RANGE_LOOP_ANALYSIS = YES;
				CLANG_WARN_STRICT_PROTOTYPES = YES;
				CLANG_WARN_SUSPICIOUS_MOVE = YES;
				CLANG_WARN_UNGUARDED_AVAILABILITY = YES_AGGRESSIVE;
				CLANG_WARN_UNREACHABLE_CODE = YES;
				CLANG_WARN__DUPLICATE_METHOD_MATCH = YES;
				COPY_PHASE_STRIP = NO;
				DEBUG_INFORMATION_FORMAT = dwarf;
				ENABLE_STRICT_OBJC_MSGSEND = YES;
				ENABLE_TESTABILITY = YES;
				ENABLE_USER_SCRIPT_SANDBOXING = YES;
				GCC_C_LANGUAGE_STANDARD = gnu17;
				GCC_DYNAMIC_NO_PIC = NO;
				GCC_NO_COMMON_BLOCKS = YES;
				GCC_OPTIMIZATION_LEVEL = 0;
				GCC_PREPROCESSOR_DEFINITIONS = (
					"DEBUG=1",
					"$(inherited)",
				);
				GCC_WARN_64_TO_32_BIT_CONVERSION = YES;
				GCC_WARN_ABOUT_RETURN_TYPE = YES_ERROR;
				GCC_WARN_UNDECLARED_SELECTOR = YES;
				GCC_WARN_UNINITIALIZED_AUTOS = YES_AGGRESSIVE;
				GCC_WARN_UNUSED_FUNCTION = YES;
				GCC_WARN_UNUSED_VARIABLE = YES;
				IPHONEOS_DEPLOYMENT_TARGET = 17.5;
				LOCALIZATION_PREFERS_STRING_CATALOGS = YES;
				MTL_ENABLE_DEBUG_INFO = INCLUDE_SOURCE;
				MTL_FAST_MATH = YES;
				ONLY_ACTIVE_ARCH = YES;
				SDKROOT = iphoneos;
				SWIFT_ACTIVE_COMPILATION_CONDITIONS = "DEBUG $(inherited)";
				SWIFT_OPTIMIZATION_LEVEL = "-Onone";
			};
			name = Debug;
		};
		87CDFEE52C7CADA4007360CF /* Release */ = {
			isa = XCBuildConfiguration;
			buildSettings = {
				ALWAYS_SEARCH_USER_PATHS = NO;
				ASSETCATALOG_COMPILER_GENERATE_SWIFT_ASSET_SYMBOL_EXTENSIONS = YES;
				CLANG_ANALYZER_NONNULL = YES;
				CLANG_ANALYZER_NUMBER_OBJECT_CONVERSION = YES_AGGRESSIVE;
				CLANG_CXX_LANGUAGE_STANDARD = "gnu++20";
				CLANG_ENABLE_MODULES = YES;
				CLANG_ENABLE_OBJC_ARC = YES;
				CLANG_ENABLE_OBJC_WEAK = YES;
				CLANG_WARN_BLOCK_CAPTURE_AUTORELEASING = YES;
				CLANG_WARN_BOOL_CONVERSION = YES;
				CLANG_WARN_COMMA = YES;
				CLANG_WARN_CONSTANT_CONVERSION = YES;
				CLANG_WARN_DEPRECATED_OBJC_IMPLEMENTATIONS = YES;
				CLANG_WARN_DIRECT_OBJC_ISA_USAGE = YES_ERROR;
				CLANG_WARN_DOCUMENTATION_COMMENTS = YES;
				CLANG_WARN_EMPTY_BODY = YES;
				CLANG_WARN_ENUM_CONVERSION = YES;
				CLANG_WARN_INFINITE_RECURSION = YES;
				CLANG_WARN_INT_CONVERSION = YES;
				CLANG_WARN_NON_LITERAL_NULL_CONVERSION = YES;
				CLANG_WARN_OBJC_IMPLICIT_RETAIN_SELF = YES;
				CLANG_WARN_OBJC_LITERAL_CONVERSION = YES;
				CLANG_WARN_OBJC_ROOT_CLASS = YES_ERROR;
				CLANG_WARN_QUOTED_INCLUDE_IN_FRAMEWORK_HEADER = YES;
				CLANG_WARN_RANGE_LOOP_ANALYSIS = YES;
				CLANG_WARN_STRICT_PROTOTYPES = YES;
				CLANG_WARN_SUSPICIOUS_MOVE = YES;
				CLANG_WARN_UNGUARDED_AVAILABILITY = YES_AGGRESSIVE;
				CLANG_WARN_UNREACHABLE_CODE = YES;
				CLANG_WARN__DUPLICATE_METHOD_MATCH = YES;
				COPY_PHASE_STRIP = NO;
				DEBUG_INFORMATION_FORMAT = "dwarf-with-dsym";
				ENABLE_NS_ASSERTIONS = NO;
				ENABLE_STRICT_OBJC_MSGSEND = YES;
				ENABLE_USER_SCRIPT_SANDBOXING = YES;
				GCC_C_LANGUAGE_STANDARD = gnu17;
				GCC_NO_COMMON_BLOCKS = YES;
				GCC_WARN_64_TO_32_BIT_CONVERSION = YES;
				GCC_WARN_ABOUT_RETURN_TYPE = YES_ERROR;
				GCC_WARN_UNDECLARED_SELECTOR = YES;
				GCC_WARN_UNINITIALIZED_AUTOS = YES_AGGRESSIVE;
				GCC_WARN_UNUSED_FUNCTION = YES;
				GCC_WARN_UNUSED_VARIABLE = YES;
				IPHONEOS_DEPLOYMENT_TARGET = 17.5;
				LOCALIZATION_PREFERS_STRING_CATALOGS = YES;
				MTL_ENABLE_DEBUG_INFO = NO;
				MTL_FAST_MATH = YES;
				SDKROOT = iphoneos;
				SWIFT_COMPILATION_MODE = wholemodule;
				VALIDATE_PRODUCT = YES;
			};
			name = Release;
		};
		87CDFEE72C7CADA4007360CF /* Debug */ = {
			isa = XCBuildConfiguration;
			buildSettings = {
				ASSETCATALOG_COMPILER_APPICON_NAME = AppIcon;
				ASSETCATALOG_COMPILER_GLOBAL_ACCENT_COLOR_NAME = AccentColor;
				CODE_SIGN_STYLE = Automatic;
				CURRENT_PROJECT_VERSION = 1;
				DEVELOPMENT_ASSET_PATHS = "\"SpeedLog/Preview Content\"";
				ENABLE_PREVIEWS = YES;
				GENERATE_INFOPLIST_FILE = YES;
				INFOPLIST_FILE = SpeedLog/Info.plist;
				INFOPLIST_KEY_UIApplicationSceneManifest_Generation = YES;
				INFOPLIST_KEY_UIApplicationSupportsIndirectInputEvents = YES;
				INFOPLIST_KEY_UILaunchScreen_Generation = YES;
				INFOPLIST_KEY_UISupportedInterfaceOrientations_iPad = "UIInterfaceOrientationPortrait UIInterfaceOrientationPortraitUpsideDown UIInterfaceOrientationLandscapeLeft UIInterfaceOrientationLandscapeRight";
				INFOPLIST_KEY_UISupportedInterfaceOrientations_iPhone = "UIInterfaceOrientationPortrait UIInterfaceOrientationLandscapeLeft UIInterfaceOrientationLandscapeRight";
				LD_RUNPATH_SEARCH_PATHS = (
					"$(inherited)",
					"@executable_path/Frameworks",
				);
				MARKETING_VERSION = 1.0;
				PRODUCT_BUNDLE_IDENTIFIER = dev.ntrung.SpeedLog;
				PRODUCT_NAME = "$(TARGET_NAME)";
				SWIFT_EMIT_LOC_STRINGS = YES;
				SWIFT_VERSION = 5.0;
				TARGETED_DEVICE_FAMILY = "1,2";
			};
			name = Debug;
		};
		87CDFEE82C7CADA4007360CF /* Release */ = {
			isa = XCBuildConfiguration;
			buildSettings = {
				ASSETCATALOG_COMPILER_APPICON_NAME = AppIcon;
				ASSETCATALOG_COMPILER_GLOBAL_ACCENT_COLOR_NAME = AccentColor;
				CODE_SIGN_STYLE = Automatic;
				CURRENT_PROJECT_VERSION = 1;
				DEVELOPMENT_ASSET_PATHS = "\"SpeedLog/Preview Content\"";
				ENABLE_PREVIEWS = YES;
				GENERATE_INFOPLIST_FILE = YES;
				INFOPLIST_FILE = SpeedLog/Info.plist;
				INFOPLIST_KEY_UIApplicationSceneManifest_Generation = YES;
				INFOPLIST_KEY_UIApplicationSupportsIndirectInputEvents = YES;
				INFOPLIST_KEY_UILaunchScreen_Generation = YES;
				INFOPLIST_KEY_UISupportedInterfaceOrientations_iPad = "UIInterfaceOrientationPortrait UIInterfaceOrientationPortraitUpsideDown UIInterfaceOrientationLandscapeLeft UIInterfaceOrientationLandscapeRight";
				INFOPLIST_KEY_UISupportedInterfaceOrientations_iPhone = "UIInterfaceOrientationPortrait UIInterfaceOrientationLandscapeLeft UIInterfaceOrientationLandscapeRight";
				LD_RUNPATH_SEARCH_PATHS = (
					"$(inherited)",
					"@executable_path/Frameworks",
				);
				MARKETING_VERSION = 1.0;
				PRODUCT_BUNDLE_IDENTIFIER = dev.ntrung.SpeedLog;
				PRODUCT_NAME = "$(TARGET_NAME)";
				SWIFT_EMIT_LOC_STRINGS = YES;
				SWIFT_VERSION = 5.0;
				TARGETED_DEVICE_FAMILY = "1,2";
			};
			name = Release;
		};
		87CDFEEA2C7CADA4007360CF /* Debug */ = {
			isa = XCBuildConfiguration;
			buildSettings = {
				ALWAYS_EMBED_SWIFT_STANDARD_LIBRARIES = YES;
				BUNDLE_LOADER = "$(TEST_HOST)";
				CODE_SIGN_STYLE = Automatic;
				CURRENT_PROJECT_VERSION = 1;
				GENERATE_INFOPLIST_FILE = YES;
				IPHONEOS_DEPLOYMENT_TARGET = 17.5;
				MARKETING_VERSION = 1.0;
				PRODUCT_BUNDLE_IDENTIFIER = dev.ntrung.SpeedLogTests;
				PRODUCT_NAME = "$(TARGET_NAME)";
				SWIFT_EMIT_LOC_STRINGS = NO;
				SWIFT_VERSION = 5.0;
				TARGETED_DEVICE_FAMILY = "1,2";
				TEST_HOST = "$(BUILT_PRODUCTS_DIR)/SpeedLog.app/$(BUNDLE_EXECUTABLE_FOLDER_PATH)/SpeedLog";
			};
			name = Debug;
		};
		87CDFEEB2C7CADA4007360CF /* Release */ = {
			isa = XCBuildConfiguration;
			buildSettings = {
				ALWAYS_EMBED_SWIFT_STANDARD_LIBRARIES = YES;
				BUNDLE_LOADER = "$(TEST_HOST)";
				CODE_SIGN_STYLE = Automatic;
				CURRENT_PROJECT_VERSION = 1;
				GENERATE_INFOPLIST_FILE = YES;
				IPHONEOS_DEPLOYMENT_TARGET = 17.5;
				MARKETING_VERSION = 1.0;
				PRODUCT_BUNDLE_IDENTIFIER = dev.ntrung.SpeedLogTests;
				PRODUCT_NAME = "$(TARGET_NAME)";
				SWIFT_EMIT_LOC_STRINGS = NO;
				SWIFT_VERSION = 5.0;
				TARGETED_DEVICE_FAMILY = "1,2";
				TEST_HOST = "$(BUILT_PRODUCTS_DIR)/SpeedLog.app/$(BUNDLE_EXECUTABLE_FOLDER_PATH)/SpeedLog";
			};
			name = Release;
		};
		87CDFEED2C7CADA4007360CF /* Debug */ = {
			isa = XCBuildConfiguration;
			buildSettings = {
				ALWAYS_EMBED_SWIFT_STANDARD_LIBRARIES = YES;
				CODE_SIGN_STYLE = Automatic;
				CURRENT_PROJECT_VERSION = 1;
				GENERATE_INFOPLIST_FILE = YES;
				MARKETING_VERSION = 1.0;
				PRODUCT_BUNDLE_IDENTIFIER = dev.ntrung.SpeedLogUITests;
				PRODUCT_NAME = "$(TARGET_NAME)";
				SWIFT_EMIT_LOC_STRINGS = NO;
				SWIFT_VERSION = 5.0;
				TARGETED_DEVICE_FAMILY = "1,2";
				TEST_TARGET_NAME = SpeedLog;
			};
			name = Debug;
		};
		87CDFEEE2C7CADA4007360CF /* Release */ = {
			isa = XCBuildConfiguration;
			buildSettings = {
				ALWAYS_EMBED_SWIFT_STANDARD_LIBRARIES = YES;
				CODE_SIGN_STYLE = Automatic;
				CURRENT_PROJECT_VERSION = 1;
				GENERATE_INFOPLIST_FILE = YES;
				MARKETING_VERSION = 1.0;
				PRODUCT_BUNDLE_IDENTIFIER = dev.ntrung.SpeedLogUITests;
				PRODUCT_NAME = "$(TARGET_NAME)";
				SWIFT_EMIT_LOC_STRINGS = NO;
				SWIFT_VERSION = 5.0;
				TARGETED_DEVICE_FAMILY = "1,2";
				TEST_TARGET_NAME = SpeedLog;
			};
			name = Release;
		};
/* End XCBuildConfiguration section */

/* Begin XCConfigurationList section */
		87CDFEBD2C7CAD9D007360CF /* Build configuration list for PBXProject "SpeedLog" */ = {
			isa = XCConfigurationList;
			buildConfigurations = (
				87CDFEE42C7CADA4007360CF /* Debug */,
				87CDFEE52C7CADA4007360CF /* Release */,
			);
			defaultConfigurationIsVisible = 0;
			defaultConfigurationName = Release;
		};
		87CDFEE62C7CADA4007360CF /* Build configuration list for PBXNativeTarget "SpeedLog" */ = {
			isa = XCConfigurationList;
			buildConfigurations = (
				87CDFEE72C7CADA4007360CF /* Debug */,
				87CDFEE82C7CADA4007360CF /* Release */,
			);
			defaultConfigurationIsVisible = 0;
			defaultConfigurationName = Release;
		};
		87CDFEE92C7CADA4007360CF /* Build configuration list for PBXNativeTarget "SpeedLogTests" */ = {
			isa = XCConfigurationList;
			buildConfigurations = (
				87CDFEEA2C7CADA4007360CF /* Debug */,
				87CDFEEB2C7CADA4007360CF /* Release */,
			);
			defaultConfigurationIsVisible = 0;
			defaultConfigurationName = Release;
		};
		87CDFEEC2C7CADA4007360CF /* Build configuration list for PBXNativeTarget "SpeedLogUITests" */ = {
			isa = XCConfigurationList;
			buildConfigurations = (
				87CDFEED2C7CADA4007360CF /* Debug */,
				87CDFEEE2C7CADA4007360CF /* Release */,
			);
			defaultConfigurationIsVisible = 0;
			defaultConfigurationName = Release;
		};
/* End XCConfigurationList section */
	};
	rootObject = 87CDFEBA2C7CAD9C007360CF /* Project object */;
}
